
Microsoft Visual Studio Solution File, Format Version 12.00
# Visual Studio Version 16
VisualStudioVersion = 16.0.31911.196
MinimumVisualStudioVersion = 10.0.40219.1
Project("{FAE04EC0-301F-11D3-BF4B-00C04F79EFBC}") = "Presensi", "Presensi\Presensi.csproj", "{F347CFBB-178C-4744-A2BD-235373328621}"
EndProject
Global
	GlobalSection(SolutionConfigurationPlatforms) = preSolution
		Debug|Any CPU = Debug|Any CPU
		Release|Any CPU = Release|Any CPU
	EndGlobalSection
	GlobalSection(ProjectConfigurationPlatforms) = postSolution
		{F347CFBB-178C-4744-A2BD-235373328621}.Debug|Any CPU.ActiveCfg = Debug|Any CPU
		{F347CFBB-178C-4744-A2BD-235373328621}.Debug|Any CPU.Build.0 = Debug|Any CPU
		{F347CFBB-178C-4744-A2BD-235373328621}.Release|Any CPU.ActiveCfg = Release|Any CPU
		{F347CFBB-178C-4744-A2BD-235373328621}.Release|Any CPU.Build.0 = Release|Any CPU
	EndGlobalSection
	GlobalSection(SolutionProperties) = preSolution
		HideSolutionNode = FALSE
	EndGlobalSection
	GlobalSection(ExtensibilityGlobals) = postSolution
		SolutionGuid = {9BAF48BF-E046-40CF-9084-797E0AF8202B}
	EndGlobalSection
EndGlobal
